
Microsoft Visual Studio Solution File, Format Version 12.00
# Visual Studio Version 16
VisualStudioVersion = 16.0.30413.136
MinimumVisualStudioVersion = 10.0.40219.1
Project("{FAE04EC0-301F-11D3-BF4B-00C04F79EFBC}") = "Exemplo 3", "Exemplo 3\Exemplo 3.csproj", "{9E33956B-E461-40A4-9C0C-8A7B8B0885B9}"
EndProject
Global
	GlobalSection(SolutionConfigurationPlatforms) = preSolution
		Debug|Any CPU = Debug|Any CPU
		Release|Any CPU = Release|Any CPU
	EndGlobalSection
	GlobalSection(ProjectConfigurationPlatforms) = postSolution
		{9E33956B-E461-40A4-9C0C-8A7B8B0885B9}.Debug|Any CPU.ActiveCfg = Debug|Any CPU
		{9E33956B-E461-40A4-9C0C-8A7B8B0885B9}.Debug|Any CPU.Build.0 = Debug|Any CPU
		{9E33956B-E461-40A4-9C0C-8A7B8B0885B9}.Release|Any CPU.ActiveCfg = Release|Any CPU
		{9E33956B-E461-40A4-9C0C-8A7B8B0885B9}.Release|Any CPU.Build.0 = Release|Any CPU
	EndGlobalSection
	GlobalSection(SolutionProperties) = preSolution
		HideSolutionNode = FALSE
	EndGlobalSection
	GlobalSection(ExtensibilityGlobals) = postSolution
		SolutionGuid = {76DA8F23-C259-4BF2-B8FA-CB6128BD155B}
	EndGlobalSection
EndGlobal
